PODS:
  - BNRCoreDataStack (1.2.2)
  - BNRCoreDataStackConvenienceUpdates (0.1.0):
    - BNRCoreDataStack (~> 1.2)

DEPENDENCIES:
  - BNRCoreDataStackConvenienceUpdates (from `../`)

EXTERNAL SOURCES:
  BNRCoreDataStackConvenienceUpdates:
    :path: "../"

SPEC CHECKSUMS:
  BNRCoreDataStack: 7eb40c619f517ac4cabcacbd5ab4715f649368a1
  BNRCoreDataStackConvenienceUpdates: 9a8fe7cec9fe86fbd3b92a77cdd665b1ea5cf989

COCOAPODS: 0.39.0
